
Microsoft Visual Studio Solution File, Format Version 12.00
# Visual Studio Version 17
VisualStudioVersion = 17.10.35004.147
MinimumVisualStudioVersion = 10.0.40219.1
Project("{FAE04EC0-301F-11D3-BF4B-00C04F79EFBC}") = "Lab1", "Lab1\Lab1.csproj", "{91AC02F1-E1B9-476F-B849-2603A616CDCB}"
EndProject
Global
	GlobalSection(SolutionConfigurationPlatforms) = preSolution
		Debug|Any CPU = Debug|Any CPU
		Release|Any CPU = Release|Any CPU
	EndGlobalSection
	GlobalSection(ProjectConfigurationPlatforms) = postSolution
		{91AC02F1-E1B9-476F-B849-2603A616CDCB}.Debug|Any CPU.ActiveCfg = Debug|Any CPU
		{91AC02F1-E1B9-476F-B849-2603A616CDCB}.Debug|Any CPU.Build.0 = Debug|Any CPU
		{91AC02F1-E1B9-476F-B849-2603A616CDCB}.Release|Any CPU.ActiveCfg = Release|Any CPU
		{91AC02F1-E1B9-476F-B849-2603A616CDCB}.Release|Any CPU.Build.0 = Release|Any CPU
	EndGlobalSection
	GlobalSection(SolutionProperties) = preSolution
		HideSolutionNode = FALSE
	EndGlobalSection
	GlobalSection(ExtensibilityGlobals) = postSolution
		SolutionGuid = {366E7AAA-AE7C-43A6-BEDC-0097531F4F48}
	EndGlobalSection
EndGlobal
